
Microsoft Visual Studio Solution File, Format Version 12.00
# Visual Studio Version 16
VisualStudioVersion = 16.0.31624.102
MinimumVisualStudioVersion = 10.0.40219.1
Project("{FAE04EC0-301F-11D3-BF4B-00C04F79EFBC}") = "PawPalsApp.Android", "PawPalsApp\PawPalsApp.Android\PawPalsApp.Android.csproj", "{98C8FBE9-14FF-46F4-BC02-84B459390971}"
EndProject
Project("{9A19103F-16F7-4668-BE54-9A1E7A4F7556}") = "PawPalsApp", "PawPalsApp\PawPalsApp\PawPalsApp.csproj", "{4C480E56-84B8-43E5-BA74-2E368EF8EE2D}"
EndProject
Project("{9A19103F-16F7-4668-BE54-9A1E7A4F7556}") = "PawPalsServer", "PawPalsApp\PawPalsServer\PawPalsServer.csproj", "{0EA0DAA1-03E6-408A-B737-5D8EF3E06EBD}"
EndProject
Project("{FAE04EC0-301F-11D3-BF4B-00C04F79EFBC}") = "ServerActions", "PawPalsApp\ServerActions\ServerActions.csproj", "{5013FBB2-C889-4DF7-AD3C-7C07967F56C1}"
EndProject
Project("{FAE04EC0-301F-11D3-BF4B-00C04F79EFBC}") = "ServerVerificators", "PawPalsApp\ServerVerificators\ServerVerificators.csproj", "{55E3AF77-C679-445E-B8AE-72DB0DC3FF49}"
EndProject
Project("{FAE04EC0-301F-11D3-BF4B-00C04F79EFBC}") = "CrossClasses", "CrossClasses\CrossClasses.csproj", "{761EC577-C4EF-4A9B-8BAA-F9F2270E43B7}"
EndProject
Global
	GlobalSection(SolutionConfigurationPlatforms) = preSolution
		Debug|Any CPU = Debug|Any CPU
		Release|Any CPU = Release|Any CPU
	EndGlobalSection
	GlobalSection(ProjectConfigurationPlatforms) = postSolution
		{98C8FBE9-14FF-46F4-BC02-84B459390971}.Debug|Any CPU.ActiveCfg = Debug|Any CPU
		{98C8FBE9-14FF-46F4-BC02-84B459390971}.Debug|Any CPU.Build.0 = Debug|Any CPU
		{98C8FBE9-14FF-46F4-BC02-84B459390971}.Debug|Any CPU.Deploy.0 = Debug|Any CPU
		{98C8FBE9-14FF-46F4-BC02-84B459390971}.Release|Any CPU.ActiveCfg = Release|Any CPU
		{98C8FBE9-14FF-46F4-BC02-84B459390971}.Release|Any CPU.Build.0 = Release|Any CPU
		{98C8FBE9-14FF-46F4-BC02-84B459390971}.Release|Any CPU.Deploy.0 = Release|Any CPU
		{4C480E56-84B8-43E5-BA74-2E368EF8EE2D}.Debug|Any CPU.ActiveCfg = Debug|Any CPU
		{4C480E56-84B8-43E5-BA74-2E368EF8EE2D}.Debug|Any CPU.Build.0 = Debug|Any CPU
		{4C480E56-84B8-43E5-BA74-2E368EF8EE2D}.Debug|Any CPU.Deploy.0 = Debug|Any CPU
		{4C480E56-84B8-43E5-BA74-2E368EF8EE2D}.Release|Any CPU.ActiveCfg = Release|Any CPU
		{4C480E56-84B8-43E5-BA74-2E368EF8EE2D}.Release|Any CPU.Build.0 = Release|Any CPU
		{4C480E56-84B8-43E5-BA74-2E368EF8EE2D}.Release|Any CPU.Deploy.0 = Release|Any CPU
		{0EA0DAA1-03E6-408A-B737-5D8EF3E06EBD}.Debug|Any CPU.ActiveCfg = Debug|Any CPU
		{0EA0DAA1-03E6-408A-B737-5D8EF3E06EBD}.Debug|Any CPU.Build.0 = Debug|Any CPU
		{0EA0DAA1-03E6-408A-B737-5D8EF3E06EBD}.Release|Any CPU.ActiveCfg = Release|Any CPU
		{0EA0DAA1-03E6-408A-B737-5D8EF3E06EBD}.Release|Any CPU.Build.0 = Release|Any CPU
		{5013FBB2-C889-4DF7-AD3C-7C07967F56C1}.Debug|Any CPU.ActiveCfg = Debug|Any CPU
		{5013FBB2-C889-4DF7-AD3C-7C07967F56C1}.Debug|Any CPU.Build.0 = Debug|Any CPU
		{5013FBB2-C889-4DF7-AD3C-7C07967F56C1}.Release|Any CPU.ActiveCfg = Release|Any CPU
		{5013FBB2-C889-4DF7-AD3C-7C07967F56C1}.Release|Any CPU.Build.0 = Release|Any CPU
		{55E3AF77-C679-445E-B8AE-72DB0DC3FF49}.Debug|Any CPU.ActiveCfg = Debug|Any CPU
		{55E3AF77-C679-445E-B8AE-72DB0DC3FF49}.Debug|Any CPU.Build.0 = Debug|Any CPU
		{55E3AF77-C679-445E-B8AE-72DB0DC3FF49}.Release|Any CPU.ActiveCfg = Release|Any CPU
		{55E3AF77-C679-445E-B8AE-72DB0DC3FF49}.Release|Any CPU.Build.0 = Release|Any CPU
		{761EC577-C4EF-4A9B-8BAA-F9F2270E43B7}.Debug|Any CPU.ActiveCfg = Debug|Any CPU
		{761EC577-C4EF-4A9B-8BAA-F9F2270E43B7}.Debug|Any CPU.Build.0 = Debug|Any CPU
		{761EC577-C4EF-4A9B-8BAA-F9F2270E43B7}.Release|Any CPU.ActiveCfg = Release|Any CPU
		{761EC577-C4EF-4A9B-8BAA-F9F2270E43B7}.Release|Any CPU.Build.0 = Release|Any CPU
	EndGlobalSection
	GlobalSection(SolutionProperties) = preSolution
		HideSolutionNode = FALSE
	EndGlobalSection
	GlobalSection(ExtensibilityGlobals) = postSolution
		SolutionGuid = {0A2BFFA3-2AA7-4C32-83B4-9FE390C8414B}
	EndGlobalSection
EndGlobal
